
Microsoft Visual Studio Solution File, Format Version 12.00
# Visual Studio 15
VisualStudioVersion = 15.0.28307.645
MinimumVisualStudioVersion = 10.0.40219.1
Project("{FAE04EC0-301F-11D3-BF4B-00C04F79EFBC}") = "PrintOrders", "PrintOrders\PrintOrders.csproj", "{65B57BFC-46FA-463F-894C-DE5ACF984811}"
EndProject
Global
	GlobalSection(SolutionConfigurationPlatforms) = preSolution
		Debug|Any CPU = Debug|Any CPU
		Release|Any CPU = Release|Any CPU
	EndGlobalSection
	GlobalSection(ProjectConfigurationPlatforms) = postSolution
		{65B57BFC-46FA-463F-894C-DE5ACF984811}.Debug|Any CPU.ActiveCfg = Debug|Any CPU
		{65B57BFC-46FA-463F-894C-DE5ACF984811}.Debug|Any CPU.Build.0 = Debug|Any CPU
		{65B57BFC-46FA-463F-894C-DE5ACF984811}.Release|Any CPU.ActiveCfg = Release|Any CPU
		{65B57BFC-46FA-463F-894C-DE5ACF984811}.Release|Any CPU.Build.0 = Release|Any CPU
	EndGlobalSection
	GlobalSection(SolutionProperties) = preSolution
		HideSolutionNode = FALSE
	EndGlobalSection
	GlobalSection(ExtensibilityGlobals) = postSolution
		SolutionGuid = {5889ABFA-781D-48C0-AA93-2DCDFDD86AE9}
	EndGlobalSection
EndGlobal
